
Microsoft Visual Studio Solution File, Format Version 12.00
# Visual Studio Version 17
VisualStudioVersion = 17.4.33122.133
MinimumVisualStudioVersion = 10.0.40219.1
Project("{FAE04EC0-301F-11D3-BF4B-00C04F79EFBC}") = "FinalProject", "FinalProject.csproj", "{DEF1A693-DBEE-4B42-8440-6630B029FF54}"
EndProject
Global
	GlobalSection(SolutionConfigurationPlatforms) = preSolution
		Debug|Any CPU = Debug|Any CPU
		Release|Any CPU = Release|Any CPU
	EndGlobalSection
	GlobalSection(ProjectConfigurationPlatforms) = postSolution
		{DEF1A693-DBEE-4B42-8440-6630B029FF54}.Debug|Any CPU.ActiveCfg = Debug|Any CPU
		{DEF1A693-DBEE-4B42-8440-6630B029FF54}.Debug|Any CPU.Build.0 = Debug|Any CPU
		{DEF1A693-DBEE-4B42-8440-6630B029FF54}.Release|Any CPU.ActiveCfg = Release|Any CPU
		{DEF1A693-DBEE-4B42-8440-6630B029FF54}.Release|Any CPU.Build.0 = Release|Any CPU
	EndGlobalSection
	GlobalSection(SolutionProperties) = preSolution
		HideSolutionNode = FALSE
	EndGlobalSection
	GlobalSection(ExtensibilityGlobals) = postSolution
		SolutionGuid = {BA866AB0-1AE8-435C-A3DF-CB3C1EF7E135}
	EndGlobalSection
EndGlobal
